# THIS IS AN AUTOGENERATED FILE. DO NOT EDIT THIS FILE DIRECTLY.
# yarn lockfile v1


"@esbuild/android-arm64@0.17.6":
  version "0.17.6"
  resolved "https://registry.yarnpkg.com/@esbuild/android-arm64/-/android-arm64-0.17.6.tgz#b11bd4e4d031bb320c93c83c137797b2be5b403b"
  integrity sha512-YnYSCceN/dUzUr5kdtUzB+wZprCafuD89Hs0Aqv9QSdwhYQybhXTaSTcrl6X/aWThn1a/j0eEpUBGOE7269REg==

"@esbuild/android-arm@0.17.6":
  version "0.17.6"
  resolved "https://registry.yarnpkg.com/@esbuild/android-arm/-/android-arm-0.17.6.tgz#ac6b5674da2149997f6306b3314dae59bbe0ac26"
  integrity sha512-bSC9YVUjADDy1gae8RrioINU6e1lCkg3VGVwm0QQ2E1CWcC4gnMce9+B6RpxuSsrsXsk1yojn7sp1fnG8erE2g==

"@esbuild/android-x64@0.17.6":
  version "0.17.6"
  resolved "https://registry.yarnpkg.com/@esbuild/android-x64/-/android-x64-0.17.6.tgz#18c48bf949046638fc209409ff684c6bb35a5462"
  integrity sha512-MVcYcgSO7pfu/x34uX9u2QIZHmXAB7dEiLQC5bBl5Ryqtpj9lT2sg3gNDEsrPEmimSJW2FXIaxqSQ501YLDsZQ==

"@esbuild/darwin-arm64@0.17.6":
  version "0.17.6"
  resolved "https://registry.yarnpkg.com/@esbuild/darwin-arm64/-/darwin-arm64-0.17.6.tgz#b3fe19af1e4afc849a07c06318124e9c041e0646"
  integrity sha512-bsDRvlbKMQMt6Wl08nHtFz++yoZHsyTOxnjfB2Q95gato+Yi4WnRl13oC2/PJJA9yLCoRv9gqT/EYX0/zDsyMA==

"@esbuild/darwin-x64@0.17.6":
  version "0.17.6"
  resolved "https://registry.yarnpkg.com/@esbuild/darwin-x64/-/darwin-x64-0.17.6.tgz#f4dacd1ab21e17b355635c2bba6a31eba26ba569"
  integrity sha512-xh2A5oPrYRfMFz74QXIQTQo8uA+hYzGWJFoeTE8EvoZGHb+idyV4ATaukaUvnnxJiauhs/fPx3vYhU4wiGfosg==

"@esbuild/freebsd-arm64@0.17.6":
  version "0.17.6"
  resolved "https://registry.yarnpkg.com/@esbuild/freebsd-arm64/-/freebsd-arm64-0.17.6.tgz#ea4531aeda70b17cbe0e77b0c5c36298053855b4"
  integrity sha512-EnUwjRc1inT4ccZh4pB3v1cIhohE2S4YXlt1OvI7sw/+pD+dIE4smwekZlEPIwY6PhU6oDWwITrQQm5S2/iZgg==

"@esbuild/freebsd-x64@0.17.6":
  version "0.17.6"
  resolved "https://registry.yarnpkg.com/@esbuild/freebsd-x64/-/freebsd-x64-0.17.6.tgz#1896170b3c9f63c5e08efdc1f8abc8b1ed7af29f"
  integrity sha512-Uh3HLWGzH6FwpviUcLMKPCbZUAFzv67Wj5MTwK6jn89b576SR2IbEp+tqUHTr8DIl0iDmBAf51MVaP7pw6PY5Q==

"@esbuild/linux-arm64@0.17.6":
  version "0.17.6"
  resolved "https://registry.yarnpkg.com/@esbuild/linux-arm64/-/linux-arm64-0.17.6.tgz#967dfb951c6b2de6f2af82e96e25d63747f75079"
  integrity sha512-bUR58IFOMJX523aDVozswnlp5yry7+0cRLCXDsxnUeQYJik1DukMY+apBsLOZJblpH+K7ox7YrKrHmJoWqVR9w==

"@esbuild/linux-arm@0.17.6":
  version "0.17.6"
  resolved "https://registry.yarnpkg.com/@esbuild/linux-arm/-/linux-arm-0.17.6.tgz#097a0ee2be39fed3f37ea0e587052961e3bcc110"
  integrity sha512-7YdGiurNt7lqO0Bf/U9/arrPWPqdPqcV6JCZda4LZgEn+PTQ5SMEI4MGR52Bfn3+d6bNEGcWFzlIxiQdS48YUw==

"@esbuild/linux-ia32@0.17.6":
  version "0.17.6"
  resolved "https://registry.yarnpkg.com/@esbuild/linux-ia32/-/linux-ia32-0.17.6.tgz#a38a789d0ed157495a6b5b4469ec7868b59e5278"
  integrity sha512-ujp8uoQCM9FRcbDfkqECoARsLnLfCUhKARTP56TFPog8ie9JG83D5GVKjQ6yVrEVdMie1djH86fm98eY3quQkQ==

"@esbuild/linux-loong64@0.17.6":
  version "0.17.6"
  resolved "https://registry.yarnpkg.com/@esbuild/linux-loong64/-/linux-loong64-0.17.6.tgz#ae3983d0fb4057883c8246f57d2518c2af7cf2ad"
  integrity sha512-y2NX1+X/Nt+izj9bLoiaYB9YXT/LoaQFYvCkVD77G/4F+/yuVXYCWz4SE9yr5CBMbOxOfBcy/xFL4LlOeNlzYQ==

"@esbuild/linux-mips64el@0.17.6":
  version "0.17.6"
  resolved "https://registry.yarnpkg.com/@esbuild/linux-mips64el/-/linux-mips64el-0.17.6.tgz#15fbbe04648d944ec660ee5797febdf09a9bd6af"
  integrity sha512-09AXKB1HDOzXD+j3FdXCiL/MWmZP0Ex9eR8DLMBVcHorrWJxWmY8Nms2Nm41iRM64WVx7bA/JVHMv081iP2kUA==

"@esbuild/linux-ppc64@0.17.6":
  version "0.17.6"
  resolved "https://registry.yarnpkg.com/@esbuild/linux-ppc64/-/linux-ppc64-0.17.6.tgz#38210094e8e1a971f2d1fd8e48462cc65f15ef19"
  integrity sha512-AmLhMzkM8JuqTIOhxnX4ubh0XWJIznEynRnZAVdA2mMKE6FAfwT2TWKTwdqMG+qEaeyDPtfNoZRpJbD4ZBv0Tg==

"@esbuild/linux-riscv64@0.17.6":
  version "0.17.6"
  resolved "https://registry.yarnpkg.com/@esbuild/linux-riscv64/-/linux-riscv64-0.17.6.tgz#bc3c66d5578c3b9951a6ed68763f2a6856827e4a"
  integrity sha512-Y4Ri62PfavhLQhFbqucysHOmRamlTVK10zPWlqjNbj2XMea+BOs4w6ASKwQwAiqf9ZqcY9Ab7NOU4wIgpxwoSQ==

"@esbuild/linux-s390x@0.17.6":
  version "0.17.6"
  resolved "https://registry.yarnpkg.com/@esbuild/linux-s390x/-/linux-s390x-0.17.6.tgz#d7ba7af59285f63cfce6e5b7f82a946f3e6d67fc"
  integrity sha512-SPUiz4fDbnNEm3JSdUW8pBJ/vkop3M1YwZAVwvdwlFLoJwKEZ9L98l3tzeyMzq27CyepDQ3Qgoba44StgbiN5Q==

"@esbuild/linux-x64@0.17.6":
  version "0.17.6"
  resolved "https://registry.yarnpkg.com/@esbuild/linux-x64/-/linux-x64-0.17.6.tgz#ba51f8760a9b9370a2530f98964be5f09d90fed0"
  integrity sha512-a3yHLmOodHrzuNgdpB7peFGPx1iJ2x6m+uDvhP2CKdr2CwOaqEFMeSqYAHU7hG+RjCq8r2NFujcd/YsEsFgTGw==

"@esbuild/netbsd-x64@0.17.6":
  version "0.17.6"
  resolved "https://registry.yarnpkg.com/@esbuild/netbsd-x64/-/netbsd-x64-0.17.6.tgz#e84d6b6fdde0261602c1e56edbb9e2cb07c211b9"
  integrity sha512-EanJqcU/4uZIBreTrnbnre2DXgXSa+Gjap7ifRfllpmyAU7YMvaXmljdArptTHmjrkkKm9BK6GH5D5Yo+p6y5A==

"@esbuild/openbsd-x64@0.17.6":
  version "0.17.6"
  resolved "https://registry.yarnpkg.com/@esbuild/openbsd-x64/-/openbsd-x64-0.17.6.tgz#cf4b9fb80ce6d280a673d54a731d9c661f88b083"
  integrity sha512-xaxeSunhQRsTNGFanoOkkLtnmMn5QbA0qBhNet/XLVsc+OVkpIWPHcr3zTW2gxVU5YOHFbIHR9ODuaUdNza2Vw==

"@esbuild/sunos-x64@0.17.6":
  version "0.17.6"
  resolved "https://registry.yarnpkg.com/@esbuild/sunos-x64/-/sunos-x64-0.17.6.tgz#a6838e246079b24d962b9dcb8d208a3785210a73"
  integrity sha512-gnMnMPg5pfMkZvhHee21KbKdc6W3GR8/JuE0Da1kjwpK6oiFU3nqfHuVPgUX2rsOx9N2SadSQTIYV1CIjYG+xw==

"@esbuild/win32-arm64@0.17.6":
  version "0.17.6"
  resolved "https://registry.yarnpkg.com/@esbuild/win32-arm64/-/win32-arm64-0.17.6.tgz#ace0186e904d109ea4123317a3ba35befe83ac21"
  integrity sha512-G95n7vP1UnGJPsVdKXllAJPtqjMvFYbN20e8RK8LVLhlTiSOH1sd7+Gt7rm70xiG+I5tM58nYgwWrLs6I1jHqg==

"@esbuild/win32-ia32@0.17.6":
  version "0.17.6"
  resolved "https://registry.yarnpkg.com/@esbuild/win32-ia32/-/win32-ia32-0.17.6.tgz#7fb3f6d4143e283a7f7dffc98a6baf31bb365c7e"
  integrity sha512-96yEFzLhq5bv9jJo5JhTs1gI+1cKQ83cUpyxHuGqXVwQtY5Eq54ZEsKs8veKtiKwlrNimtckHEkj4mRh4pPjsg==

"@esbuild/win32-x64@0.17.6":
  version "0.17.6"
  resolved "https://registry.yarnpkg.com/@esbuild/win32-x64/-/win32-x64-0.17.6.tgz#563ff4277f1230a006472664fa9278a83dd124da"
  integrity sha512-n6d8MOyUrNp6G4VSpRcgjs5xj4A91svJSaiwLIDWVWEsZtpN5FA9NlBbZHDmAJc2e8e6SF4tkBD3HAvPF+7igA==

"@hotwired/stimulus@^3.1.0":
  version "3.1.0"
  resolved "https://registry.yarnpkg.com/@hotwired/stimulus/-/stimulus-3.1.0.tgz#20215251e5afe6e0a3787285181ba1bfc9097df0"
  integrity sha512-iDMHUhiEJ1xFeicyHcZQQgBzhtk5mPR0QZO3L6wtqzMsJEk2TKECuCQTGKjm+KJTHVY0dKq1dOOAWvODjpd2Mg==

"@hotwired/turbo-rails@^7.2.2":
  version "7.2.2"
  resolved "https://registry.yarnpkg.com/@hotwired/turbo-rails/-/turbo-rails-7.2.2.tgz#577d0d2d8253f395e6c922e3afaf6a9483a75487"
  integrity sha512-UlHB++XYlNprpfro4YbywUXFC8QuqH59I+xuU26WMu1mE+RbV2EVS7ARlcUlwzl3PFgsKgJ+xxrJ4HW5gZkJdQ==
  dependencies:
    "@hotwired/turbo" "^7.2.2"
    "@rails/actioncable" "^7.0"

"@hotwired/turbo@^7.2.2":
  version "7.2.2"
  resolved "https://registry.yarnpkg.com/@hotwired/turbo/-/turbo-7.2.2.tgz#69e1f4be7f468690fa31791099e2a837e88c9518"
  integrity sha512-YfTHwnur3tDFS/D5JYstU+09Z3bvCF6euqqXajHAks2lTSIDbLc8gMp8yLomD+cAC337h1wnv0oWduK6+6pUDw==

"@rails/actioncable@^7.0":
  version "7.0.1"
  resolved "https://registry.yarnpkg.com/@rails/actioncable/-/actioncable-7.0.1.tgz#8f383b672e142d009f89b725d49b0832d99da74a"
  integrity sha512-lbGc1z2RXdiWZJE/8o2GSe2gek82EoKd2YvjRrqV//0J3/JImONUYwZ2XPmS1R9R2oth1XlIG0YidqdeTty0TA==

anymatch@~3.1.2:
  version "3.1.2"
  resolved "https://registry.yarnpkg.com/anymatch/-/anymatch-3.1.2.tgz#c0557c096af32f106198f4f4e2a383537e378716"
  integrity sha512-P43ePfOAIupkguHUycrc4qJ9kz8ZiuOUijaETwX7THt0Y/GNK7v0aa8rY816xWjZ7rJdA5XdMcpVFTKMq+RvWg==
  dependencies:
    normalize-path "^3.0.0"
    picomatch "^2.0.4"

binary-extensions@^2.0.0:
  version "2.2.0"
  resolved "https://registry.yarnpkg.com/binary-extensions/-/binary-extensions-2.2.0.tgz#75f502eeaf9ffde42fc98829645be4ea76bd9e2d"
  integrity sha512-jDctJ/IVQbZoJykoeHbhXpOlNBqGNcwXJKJog42E5HDPUwQTSdjCHdihjj0DlnheQ7blbT6dHOafNAiS8ooQKA==

braces@~3.0.2:
  version "3.0.2"
  resolved "https://registry.yarnpkg.com/braces/-/braces-3.0.2.tgz#3454e1a462ee8d599e236df336cd9ea4f8afe107"
  integrity sha512-b8um+L1RzM3WDSzvhm6gIz1yfTbBt6YTlcEKAvsmqCZZFw46z626lVj9j1yEPW33H5H+lBQpZMP1k8l+78Ha0A==
  dependencies:
    fill-range "^7.0.1"

bulma-rtl@^0.8.0:
  version "0.8.0"
  resolved "https://registry.yarnpkg.com/bulma-rtl/-/bulma-rtl-0.8.0.tgz#ac359bf096e7784e3885a7a561b5ee57a9bd3255"
  integrity sha512-zxWiptI8m5va+F/HY+B4vNFWyJ1/Y8w2Ok5C22EDS8tM/2NwyuvRYG3I327Qa/bZLkmYr/mqsCmpnJmg690BeQ==

bulma-switch@^2.0.0:
  version "2.0.4"
  resolved "https://registry.yarnpkg.com/bulma-switch/-/bulma-switch-2.0.4.tgz#a6dea1a026d025a7093a3675b2a599a36820e3a3"
  integrity sha512-kMu4H0Pr0VjvfsnT6viRDCgptUq0Rvy7y7PX6q+IHg1xUynsjszPjhAdal5ysAlCG5HNO+5YXxeiu92qYGQolw==

bulma@^0.9.4:
  version "0.9.4"
  resolved "https://registry.yarnpkg.com/bulma/-/bulma-0.9.4.tgz#0ca8aeb1847a34264768dba26a064c8be72674a1"
  integrity sha512-86FlT5+1GrsgKbPLRRY7cGDg8fsJiP/jzTqXXVqiUZZ2aZT8uemEOHlU1CDU+TxklPEZ11HZNNWclRBBecP4CQ==

"chokidar@>=3.0.0 <4.0.0":
  version "3.5.2"
  resolved "https://registry.yarnpkg.com/chokidar/-/chokidar-3.5.2.tgz#dba3976fcadb016f66fd365021d91600d01c1e75"
  integrity sha512-ekGhOnNVPgT77r4K/U3GDhu+FQ2S8TnK/s2KbIGXi0SZWuwkZ2QNyfWdZW+TVfn84DpEP7rLeCt2UI6bJ8GwbQ==
  dependencies:
    anymatch "~3.1.2"
    braces "~3.0.2"
    glob-parent "~5.1.2"
    is-binary-path "~2.1.0"
    is-glob "~4.0.1"
    normalize-path "~3.0.0"
    readdirp "~3.6.0"
  optionalDependencies:
    fsevents "~2.3.2"

esbuild@^0.17.6:
  version "0.17.6"
  resolved "https://registry.yarnpkg.com/esbuild/-/esbuild-0.17.6.tgz#bbccd4433629deb6e0a83860b3b61da120ba4e01"
  integrity sha512-TKFRp9TxrJDdRWfSsSERKEovm6v30iHnrjlcGhLBOtReE28Yp1VSBRfO3GTaOFMoxsNerx4TjrhzSuma9ha83Q==
  optionalDependencies:
    "@esbuild/android-arm" "0.17.6"
    "@esbuild/android-arm64" "0.17.6"
    "@esbuild/android-x64" "0.17.6"
    "@esbuild/darwin-arm64" "0.17.6"
    "@esbuild/darwin-x64" "0.17.6"
    "@esbuild/freebsd-arm64" "0.17.6"
    "@esbuild/freebsd-x64" "0.17.6"
    "@esbuild/linux-arm" "0.17.6"
    "@esbuild/linux-arm64" "0.17.6"
    "@esbuild/linux-ia32" "0.17.6"
    "@esbuild/linux-loong64" "0.17.6"
    "@esbuild/linux-mips64el" "0.17.6"
    "@esbuild/linux-ppc64" "0.17.6"
    "@esbuild/linux-riscv64" "0.17.6"
    "@esbuild/linux-s390x" "0.17.6"
    "@esbuild/linux-x64" "0.17.6"
    "@esbuild/netbsd-x64" "0.17.6"
    "@esbuild/openbsd-x64" "0.17.6"
    "@esbuild/sunos-x64" "0.17.6"
    "@esbuild/win32-arm64" "0.17.6"
    "@esbuild/win32-ia32" "0.17.6"
    "@esbuild/win32-x64" "0.17.6"

fill-range@^7.0.1:
  version "7.0.1"
  resolved "https://registry.yarnpkg.com/fill-range/-/fill-range-7.0.1.tgz#1919a6a7c75fe38b2c7c77e5198535da9acdda40"
  integrity sha512-qOo9F+dMUmC2Lcb4BbVvnKJxTPjCm+RRpe4gDuGrzkL7mEVl/djYSu2OdQ2Pa302N4oqkSg9ir6jaLWJ2USVpQ==
  dependencies:
    to-regex-range "^5.0.1"

fsevents@~2.3.2:
  version "2.3.2"
  resolved "https://registry.yarnpkg.com/fsevents/-/fsevents-2.3.2.tgz#8a526f78b8fdf4623b709e0b975c52c24c02fd1a"
  integrity sha512-xiqMQR4xAeHTuB9uWm+fFRcIOgKBMiOBP+eXiyT7jsgVCq1bkVygt00oASowB7EdtpOHaaPgKt812P9ab+DDKA==

glob-parent@~5.1.2:
  version "5.1.2"
  resolved "https://registry.yarnpkg.com/glob-parent/-/glob-parent-5.1.2.tgz#869832c58034fe68a4093c17dc15e8340d8401c4"
  integrity sha512-AOIgSQCepiJYwP3ARnGx+5VnTu2HBYdzbGP45eLw1vr3zB3vZLeyed1sC9hnbcOc9/SrMyM5RPQrkGz4aS9Zow==
  dependencies:
    is-glob "^4.0.1"

immutable@^4.0.0:
  version "4.0.0"
  resolved "https://registry.yarnpkg.com/immutable/-/immutable-4.0.0.tgz#b86f78de6adef3608395efb269a91462797e2c23"
  integrity sha512-zIE9hX70qew5qTUjSS7wi1iwj/l7+m54KWU247nhM3v806UdGj1yDndXj+IOYxxtW9zyLI+xqFNZjTuDaLUqFw==

is-binary-path@~2.1.0:
  version "2.1.0"
  resolved "https://registry.yarnpkg.com/is-binary-path/-/is-binary-path-2.1.0.tgz#ea1f7f3b80f064236e83470f86c09c254fb45b09"
  integrity sha512-ZMERYes6pDydyuGidse7OsHxtbI7WVeUEozgR/g7rd0xUimYNlvZRE/K2MgZTjWy725IfelLeVcEM97mmtRGXw==
  dependencies:
    binary-extensions "^2.0.0"

is-extglob@^2.1.1:
  version "2.1.1"
  resolved "https://registry.yarnpkg.com/is-extglob/-/is-extglob-2.1.1.tgz#a88c02535791f02ed37c76a1b9ea9773c833f8c2"
  integrity sha1-qIwCU1eR8C7TfHahueqXc8gz+MI=

is-glob@^4.0.1, is-glob@~4.0.1:
  version "4.0.3"
  resolved "https://registry.yarnpkg.com/is-glob/-/is-glob-4.0.3.tgz#64f61e42cbbb2eec2071a9dac0b28ba1e65d5084"
  integrity sha512-xelSayHH36ZgE7ZWhli7pW34hNbNl8Ojv5KVmkJD4hBdD3th8Tfk9vYasLM+mXWOZhFkgZfxhLSnrwRr4elSSg==
  dependencies:
    is-extglob "^2.1.1"

is-number@^7.0.0:
  version "7.0.0"
  resolved "https://registry.yarnpkg.com/is-number/-/is-number-7.0.0.tgz#7535345b896734d5f80c4d06c50955527a14f12b"
  integrity sha512-41Cifkg6e8TylSpdtTpeLVMqvSBEVzTttHvERD741+pnZ8ANv0004MRL43QKPDlK9cGvNp6NZWZUBlbGXYxxng==

normalize-path@^3.0.0, normalize-path@~3.0.0:
  version "3.0.0"
  resolved "https://registry.yarnpkg.com/normalize-path/-/normalize-path-3.0.0.tgz#0dcd69ff23a1c9b11fd0978316644a0388216a65"
  integrity sha512-6eZs5Ls3WtCisHWp9S2GUy8dqkpGi4BVSz3GaqiE6ezub0512ESztXUwUB6C6IKbQkY2Pnb/mD4WYojCRwcwLA==

picomatch@^2.0.4, picomatch@^2.2.1:
  version "2.3.1"
  resolved "https://registry.yarnpkg.com/picomatch/-/picomatch-2.3.1.tgz#3ba3833733646d9d3e4995946c1365a67fb07a42"
  integrity sha512-JU3teHTNjmE2VCGFzuY8EXzCDVwEqB2a8fsIvwaStHhAWJEeVd1o1QD80CU6+ZdEXXSLbSsuLwJjkCBWqRQUVA==

readdirp@~3.6.0:
  version "3.6.0"
  resolved "https://registry.yarnpkg.com/readdirp/-/readdirp-3.6.0.tgz#74a370bd857116e245b29cc97340cd431a02a6c7"
  integrity sha512-hOS089on8RduqdbhvQ5Z37A0ESjsqz6qnRcffsMU3495FuTdqSm+7bhJ29JvIOsBDEEnan5DPu9t3To9VRlMzA==
  dependencies:
    picomatch "^2.2.1"

sass@^1.55.0:
  version "1.55.0"
  resolved "https://registry.yarnpkg.com/sass/-/sass-1.55.0.tgz#0c4d3c293cfe8f8a2e8d3b666e1cf1bff8065d1c"
  integrity sha512-Pk+PMy7OGLs9WaxZGJMn7S96dvlyVBwwtToX895WmCpAOr5YiJYEUJfiJidMuKb613z2xNWcXCHEuOvjZbqC6A==
  dependencies:
    chokidar ">=3.0.0 <4.0.0"
    immutable "^4.0.0"
    source-map-js ">=0.6.2 <2.0.0"

"source-map-js@>=0.6.2 <2.0.0":
  version "1.0.1"
  resolved "https://registry.yarnpkg.com/source-map-js/-/source-map-js-1.0.1.tgz#a1741c131e3c77d048252adfa24e23b908670caf"
  integrity sha512-4+TN2b3tqOCd/kaGRJ/sTYA0tR0mdXx26ipdolxcwtJVqEnqNYvlCAt1q3ypy4QMlYus+Zh34RNtYLoq2oQ4IA==

to-regex-range@^5.0.1:
  version "5.0.1"
  resolved "https://registry.yarnpkg.com/to-regex-range/-/to-regex-range-5.0.1.tgz#1648c44aae7c8d988a326018ed72f5b4dd0392e4"
  integrity sha512-65P7iz6X5yEr1cwcgvQxbbIw7Uk3gOy5dIdtZ4rDveLqhrdJP+Li/Hx6tyK0NEb+2GCyneCMJiGqrADCSNk8sQ==
  dependencies:
    is-number "^7.0.0"
