# THIS IS AN AUTOGENERATED FILE. DO NOT EDIT THIS FILE DIRECTLY.
# yarn lockfile v1


"@esbuild/linux-loong64@0.15.3":
  version "0.15.3"
  resolved "https://registry.yarnpkg.com/@esbuild/linux-loong64/-/linux-loong64-0.15.3.tgz#0a39aa5c8a7639828914e6edc064ded72ff68d3a"
  integrity sha512-pe7L+LnITFHUSUnuhSQRyYN2E5Anl0r7x/jW+ufc+4fBcaK3Q51b/3ufFWWhmIiuCkr7oKtmVSpaJ1DxbtSfuw==

"@hotwired/stimulus@^3.1.0":
  version "3.1.0"
  resolved "https://registry.yarnpkg.com/@hotwired/stimulus/-/stimulus-3.1.0.tgz#20215251e5afe6e0a3787285181ba1bfc9097df0"
  integrity sha512-iDMHUhiEJ1xFeicyHcZQQgBzhtk5mPR0QZO3L6wtqzMsJEk2TKECuCQTGKjm+KJTHVY0dKq1dOOAWvODjpd2Mg==

"@hotwired/turbo-rails@^7.1.3":
  version "7.1.3"
  resolved "https://registry.yarnpkg.com/@hotwired/turbo-rails/-/turbo-rails-7.1.3.tgz#a4e04ecb800a06e7f9aa6e298170fa4580b74216"
  integrity sha512-6qKgn75bMWKx0bJgmSfrdC73EJkGLoSWZPAssvcd3nE7ZpDZff6f67j5OQNjjpRgNB7OFruom6VWguGQGu1fQg==
  dependencies:
    "@hotwired/turbo" "^7.1.0"
    "@rails/actioncable" "^7.0"

"@hotwired/turbo@^7.1.0":
  version "7.1.0"
  resolved "https://registry.yarnpkg.com/@hotwired/turbo/-/turbo-7.1.0.tgz#27e44e0e3dc5bd1d4bda0766d579cf5a14091cd7"
  integrity sha512-Q8kGjqwPqER+CtpQudbH+3Zgs2X4zb6pBAlr6NsKTXadg45pAOvxI9i4QpuHbwSzR2+x87HUm+rot9F/Pe8rxA==

"@rails/actioncable@^7.0":
  version "7.0.1"
  resolved "https://registry.yarnpkg.com/@rails/actioncable/-/actioncable-7.0.1.tgz#8f383b672e142d009f89b725d49b0832d99da74a"
  integrity sha512-lbGc1z2RXdiWZJE/8o2GSe2gek82EoKd2YvjRrqV//0J3/JImONUYwZ2XPmS1R9R2oth1XlIG0YidqdeTty0TA==

anymatch@~3.1.2:
  version "3.1.2"
  resolved "https://registry.yarnpkg.com/anymatch/-/anymatch-3.1.2.tgz#c0557c096af32f106198f4f4e2a383537e378716"
  integrity sha512-P43ePfOAIupkguHUycrc4qJ9kz8ZiuOUijaETwX7THt0Y/GNK7v0aa8rY816xWjZ7rJdA5XdMcpVFTKMq+RvWg==
  dependencies:
    normalize-path "^3.0.0"
    picomatch "^2.0.4"

binary-extensions@^2.0.0:
  version "2.2.0"
  resolved "https://registry.yarnpkg.com/binary-extensions/-/binary-extensions-2.2.0.tgz#75f502eeaf9ffde42fc98829645be4ea76bd9e2d"
  integrity sha512-jDctJ/IVQbZoJykoeHbhXpOlNBqGNcwXJKJog42E5HDPUwQTSdjCHdihjj0DlnheQ7blbT6dHOafNAiS8ooQKA==

braces@~3.0.2:
  version "3.0.2"
  resolved "https://registry.yarnpkg.com/braces/-/braces-3.0.2.tgz#3454e1a462ee8d599e236df336cd9ea4f8afe107"
  integrity sha512-b8um+L1RzM3WDSzvhm6gIz1yfTbBt6YTlcEKAvsmqCZZFw46z626lVj9j1yEPW33H5H+lBQpZMP1k8l+78Ha0A==
  dependencies:
    fill-range "^7.0.1"

bulma-rtl@^0.8.0:
  version "0.8.0"
  resolved "https://registry.yarnpkg.com/bulma-rtl/-/bulma-rtl-0.8.0.tgz#ac359bf096e7784e3885a7a561b5ee57a9bd3255"
  integrity sha512-zxWiptI8m5va+F/HY+B4vNFWyJ1/Y8w2Ok5C22EDS8tM/2NwyuvRYG3I327Qa/bZLkmYr/mqsCmpnJmg690BeQ==

bulma-switch@^2.0.0:
  version "2.0.4"
  resolved "https://registry.yarnpkg.com/bulma-switch/-/bulma-switch-2.0.4.tgz#a6dea1a026d025a7093a3675b2a599a36820e3a3"
  integrity sha512-kMu4H0Pr0VjvfsnT6viRDCgptUq0Rvy7y7PX6q+IHg1xUynsjszPjhAdal5ysAlCG5HNO+5YXxeiu92qYGQolw==

bulma@^0.9.4:
  version "0.9.4"
  resolved "https://registry.yarnpkg.com/bulma/-/bulma-0.9.4.tgz#0ca8aeb1847a34264768dba26a064c8be72674a1"
  integrity sha512-86FlT5+1GrsgKbPLRRY7cGDg8fsJiP/jzTqXXVqiUZZ2aZT8uemEOHlU1CDU+TxklPEZ11HZNNWclRBBecP4CQ==

"chokidar@>=3.0.0 <4.0.0":
  version "3.5.2"
  resolved "https://registry.yarnpkg.com/chokidar/-/chokidar-3.5.2.tgz#dba3976fcadb016f66fd365021d91600d01c1e75"
  integrity sha512-ekGhOnNVPgT77r4K/U3GDhu+FQ2S8TnK/s2KbIGXi0SZWuwkZ2QNyfWdZW+TVfn84DpEP7rLeCt2UI6bJ8GwbQ==
  dependencies:
    anymatch "~3.1.2"
    braces "~3.0.2"
    glob-parent "~5.1.2"
    is-binary-path "~2.1.0"
    is-glob "~4.0.1"
    normalize-path "~3.0.0"
    readdirp "~3.6.0"
  optionalDependencies:
    fsevents "~2.3.2"

esbuild-android-64@0.15.3:
  version "0.15.3"
  resolved "https://registry.yarnpkg.com/esbuild-android-64/-/esbuild-android-64-0.15.3.tgz#8096ff8bd80ac855a35e28ad04a67e76f18754ba"
  integrity sha512-sHGQ50Bb80ow+DZ8s6mabWn/j+vgfsNDMhipv4v410O++C6gpEcR9A5jR9bTkMsVbr46Id0MMhUGpBasq8H92A==

esbuild-android-arm64@0.15.3:
  version "0.15.3"
  resolved "https://registry.yarnpkg.com/esbuild-android-arm64/-/esbuild-android-arm64-0.15.3.tgz#70fea382b5eea6f033a42c2d19fa70f8fde2d31e"
  integrity sha512-+Oiwzgp7HTyeNkgpQySGLCq3zFmvVVyBiNz8bO+7Tc6tlnxSYf8jjQBThRTUsy6vrrjG91h9vZNlYkiikzzWUg==

esbuild-darwin-64@0.15.3:
  version "0.15.3"
  resolved "https://registry.yarnpkg.com/esbuild-darwin-64/-/esbuild-darwin-64-0.15.3.tgz#4902b82c23c91795b40af1341bf73d03f28c7706"
  integrity sha512-n2BkxzCPHv6OOOs9gxp4AYsccawuw9bDeW9rpSASHao0zQ/u0kP6bjD4ATf2G4A3cml8HGwp18aROl4ws+4Ytg==

esbuild-darwin-arm64@0.15.3:
  version "0.15.3"
  resolved "https://registry.yarnpkg.com/esbuild-darwin-arm64/-/esbuild-darwin-arm64-0.15.3.tgz#7143f443c9a5da355cdb2fbfbf129708d75902ab"
  integrity sha512-fSk5M1vQ+y48csVJ4QxweT//DdDytDAb0AvU1gYITqZGA1kL1/i4C5fjKDNZMjB7dkg2a+rfkMyrpZUli+To/w==

esbuild-freebsd-64@0.15.3:
  version "0.15.3"
  resolved "https://registry.yarnpkg.com/esbuild-freebsd-64/-/esbuild-freebsd-64-0.15.3.tgz#fb28355d9a59dff40427d74602b452597a031601"
  integrity sha512-b21XfM0Wrxu0CzFQN7B4xuAMGUNLT3F3J2NMeLxbUq6lcl2N3Isho1q2AF5bOCpCXVM04k1+PgoQLwNzGYtnjw==

esbuild-freebsd-arm64@0.15.3:
  version "0.15.3"
  resolved "https://registry.yarnpkg.com/esbuild-freebsd-arm64/-/esbuild-freebsd-arm64-0.15.3.tgz#c5542f88b48bfef1dbb910d224a9c1dd7f6d86ff"
  integrity sha512-E0LkWSz7Ch1B2WFXbGvfN3q9uUlQCahBi3S7wTSJO2T41x0BPnIFHw79/RuGKVyA17mX/I7RVOSRnrla2D4tag==

esbuild-linux-32@0.15.3:
  version "0.15.3"
  resolved "https://registry.yarnpkg.com/esbuild-linux-32/-/esbuild-linux-32-0.15.3.tgz#0b127edc535540e96df1df5007764a03018d1157"
  integrity sha512-af7BhXXKwzXL83bfJX8vkxsyDbOr9T5auxyBJnBfkd2w7VwXC1heDT2TQ1cWCWyjqVatyKudW5RCSAySDKDW2Q==

esbuild-linux-64@0.15.3:
  version "0.15.3"
  resolved "https://registry.yarnpkg.com/esbuild-linux-64/-/esbuild-linux-64-0.15.3.tgz#53949de49ffd4b079c234aecc936a9a5ada977db"
  integrity sha512-Wwq+5ZF2IPE/6W2kJLPnh7eXqtz5XtdPBRB77nhm02my6PsZR3aa/q/fRkJhwO6ExM+t9l3kFhWL4pMwk3wREA==

esbuild-linux-arm64@0.15.3:
  version "0.15.3"
  resolved "https://registry.yarnpkg.com/esbuild-linux-arm64/-/esbuild-linux-arm64-0.15.3.tgz#b6bf7ebbc453f71dc96f535a466cd144edf81748"
  integrity sha512-qNvYyYjNm4JPXJcCJv7gXEnyqw2k9W+SeYMoG7RiwWHWv1cMX6xlxPLGz5yIxjH9+VBXkA1nrY/YohaiKq2O3g==

esbuild-linux-arm@0.15.3:
  version "0.15.3"
  resolved "https://registry.yarnpkg.com/esbuild-linux-arm/-/esbuild-linux-arm-0.15.3.tgz#01d75bd360f7b96243e1c13e389e2e1a514b8b00"
  integrity sha512-88ycpH4GrbOzaZIIXIzljbeCUkzoaJ5luP6+LATa5hk/Wl+OHkAieDfjAHdH8KuHkGYTojKE1npQq9gll9efUA==

esbuild-linux-mips64le@0.15.3:
  version "0.15.3"
  resolved "https://registry.yarnpkg.com/esbuild-linux-mips64le/-/esbuild-linux-mips64le-0.15.3.tgz#687e6acfa6b8818a67398ac18615a4fac18647d9"
  integrity sha512-t5TXW6Cw8S9Lts7SDZ8rlx/dqPJx8hndYKL6xEgA2vdlrE60eIYTAYWJqsGN0dgePtFC1RPyH6To15l7s9WdYA==

esbuild-linux-ppc64le@0.15.3:
  version "0.15.3"
  resolved "https://registry.yarnpkg.com/esbuild-linux-ppc64le/-/esbuild-linux-ppc64le-0.15.3.tgz#0c502cdf48a635460c80c95e620676a78a2f60e6"
  integrity sha512-TXxPgEWOPCY4F6ZMf7+915+H0eOB6AlcZBwjeBs+78ULpzvcmMzZ2ujF2IejKZXYWuMTORPNoG+MuVGBuyUysA==

esbuild-linux-riscv64@0.15.3:
  version "0.15.3"
  resolved "https://registry.yarnpkg.com/esbuild-linux-riscv64/-/esbuild-linux-riscv64-0.15.3.tgz#ee99fe2c1636f0e7127e13fd21783ec7b350e2f6"
  integrity sha512-04tvrbHA83N+tg+qQeJmUQ3jWStUP7+rw+v/l2h3PsNGbcH3WmsgR0Tf0e1ext09asV4x2PX2b2Nm/gBIOrpqg==

esbuild-linux-s390x@0.15.3:
  version "0.15.3"
  resolved "https://registry.yarnpkg.com/esbuild-linux-s390x/-/esbuild-linux-s390x-0.15.3.tgz#2e3491e04ad8108f928c94291b38e8529370f5e1"
  integrity sha512-LHxnvvFMhA/uy9CSrnlCtPZnTfWahR9NPLKwXBgfg16YqpKbRHty+mek1o7l+2G5qLeFEEvhB0a7c+hYgbW/3w==

esbuild-netbsd-64@0.15.3:
  version "0.15.3"
  resolved "https://registry.yarnpkg.com/esbuild-netbsd-64/-/esbuild-netbsd-64-0.15.3.tgz#8f41cb1c0c26befbf0bcd50e89580f66ec45bb32"
  integrity sha512-8W0UxNuNsgBBa1SLjwqbbDLJF9mf+lvytaYPt5kXbBrz0DI4mKYFlujLQrxLKh8tvs2zRdFNy9HVqmMdbZ1OIQ==

esbuild-openbsd-64@0.15.3:
  version "0.15.3"
  resolved "https://registry.yarnpkg.com/esbuild-openbsd-64/-/esbuild-openbsd-64-0.15.3.tgz#fa2e84480fe043480401c73fdfb944ba2d21826d"
  integrity sha512-QL7xYQ4noukuqh8UGnsrk1m+ShPMYIXjOnAQl3siA7VV6cjuUoCxx6cThgcUDzih8iL5u2xgsGRhsviQIMsUuA==

esbuild-sunos-64@0.15.3:
  version "0.15.3"
  resolved "https://registry.yarnpkg.com/esbuild-sunos-64/-/esbuild-sunos-64-0.15.3.tgz#23b8904294344075ce5020155ddd4e28d079cc10"
  integrity sha512-vID32ZCZahWDqlEoq9W7OAZDtofAY8aW0V58V5l+kXEvaKvR0m99FLNRuGGY3IDNwjUoOkvoFiMMiy+ONnN7GA==

esbuild-windows-32@0.15.3:
  version "0.15.3"
  resolved "https://registry.yarnpkg.com/esbuild-windows-32/-/esbuild-windows-32-0.15.3.tgz#472a5d09bcf4c1ebf2761c73214f15f6c5a16583"
  integrity sha512-dnrlwu6T85QU9fO0a35HAzgAXm3vVqg+3Kr9EXkmnf5PHv9t7hT/EYW6g/8YYu91DDyGTk9JSyN32YzQ3OS9Lw==

esbuild-windows-64@0.15.3:
  version "0.15.3"
  resolved "https://registry.yarnpkg.com/esbuild-windows-64/-/esbuild-windows-64-0.15.3.tgz#77438af8bd79df722d5af6e4e527bd7d1c48dc57"
  integrity sha512-HUSlVCpTtOnIKeIn05zz0McNCfZhnu5UgUypmpNrv4Ff1XTvl6vBpQwIZ49eIAkY9zI6oe1Mu6N5ZG7u6X4s7A==

esbuild-windows-arm64@0.15.3:
  version "0.15.3"
  resolved "https://registry.yarnpkg.com/esbuild-windows-arm64/-/esbuild-windows-arm64-0.15.3.tgz#68810c8ba6ab93e42e3aa323f37f6538f0379df6"
  integrity sha512-sk6fVXCzGB0uW089+8LdeanZkQUZ+3/xdbWshgLGRawV0NyjSFH4sZPIy+DJnhEnT0pPt1DabZtqrq2DT0FWNw==

esbuild@^0.15.3:
  version "0.15.3"
  resolved "https://registry.yarnpkg.com/esbuild/-/esbuild-0.15.3.tgz#d4180ef567a4563de425e2b2166f871467cc2b0b"
  integrity sha512-D1qLizJTYlGIOK5m/1ckH8vR2U573eLMMA57qvWg/9jj8jPIhjpafv4kxb6ra2eeTlVq8tISxjsyRKbTaeF6PA==
  optionalDependencies:
    "@esbuild/linux-loong64" "0.15.3"
    esbuild-android-64 "0.15.3"
    esbuild-android-arm64 "0.15.3"
    esbuild-darwin-64 "0.15.3"
    esbuild-darwin-arm64 "0.15.3"
    esbuild-freebsd-64 "0.15.3"
    esbuild-freebsd-arm64 "0.15.3"
    esbuild-linux-32 "0.15.3"
    esbuild-linux-64 "0.15.3"
    esbuild-linux-arm "0.15.3"
    esbuild-linux-arm64 "0.15.3"
    esbuild-linux-mips64le "0.15.3"
    esbuild-linux-ppc64le "0.15.3"
    esbuild-linux-riscv64 "0.15.3"
    esbuild-linux-s390x "0.15.3"
    esbuild-netbsd-64 "0.15.3"
    esbuild-openbsd-64 "0.15.3"
    esbuild-sunos-64 "0.15.3"
    esbuild-windows-32 "0.15.3"
    esbuild-windows-64 "0.15.3"
    esbuild-windows-arm64 "0.15.3"

fill-range@^7.0.1:
  version "7.0.1"
  resolved "https://registry.yarnpkg.com/fill-range/-/fill-range-7.0.1.tgz#1919a6a7c75fe38b2c7c77e5198535da9acdda40"
  integrity sha512-qOo9F+dMUmC2Lcb4BbVvnKJxTPjCm+RRpe4gDuGrzkL7mEVl/djYSu2OdQ2Pa302N4oqkSg9ir6jaLWJ2USVpQ==
  dependencies:
    to-regex-range "^5.0.1"

fsevents@~2.3.2:
  version "2.3.2"
  resolved "https://registry.yarnpkg.com/fsevents/-/fsevents-2.3.2.tgz#8a526f78b8fdf4623b709e0b975c52c24c02fd1a"
  integrity sha512-xiqMQR4xAeHTuB9uWm+fFRcIOgKBMiOBP+eXiyT7jsgVCq1bkVygt00oASowB7EdtpOHaaPgKt812P9ab+DDKA==

glob-parent@~5.1.2:
  version "5.1.2"
  resolved "https://registry.yarnpkg.com/glob-parent/-/glob-parent-5.1.2.tgz#869832c58034fe68a4093c17dc15e8340d8401c4"
  integrity sha512-AOIgSQCepiJYwP3ARnGx+5VnTu2HBYdzbGP45eLw1vr3zB3vZLeyed1sC9hnbcOc9/SrMyM5RPQrkGz4aS9Zow==
  dependencies:
    is-glob "^4.0.1"

immutable@^4.0.0:
  version "4.0.0"
  resolved "https://registry.yarnpkg.com/immutable/-/immutable-4.0.0.tgz#b86f78de6adef3608395efb269a91462797e2c23"
  integrity sha512-zIE9hX70qew5qTUjSS7wi1iwj/l7+m54KWU247nhM3v806UdGj1yDndXj+IOYxxtW9zyLI+xqFNZjTuDaLUqFw==

is-binary-path@~2.1.0:
  version "2.1.0"
  resolved "https://registry.yarnpkg.com/is-binary-path/-/is-binary-path-2.1.0.tgz#ea1f7f3b80f064236e83470f86c09c254fb45b09"
  integrity sha512-ZMERYes6pDydyuGidse7OsHxtbI7WVeUEozgR/g7rd0xUimYNlvZRE/K2MgZTjWy725IfelLeVcEM97mmtRGXw==
  dependencies:
    binary-extensions "^2.0.0"

is-extglob@^2.1.1:
  version "2.1.1"
  resolved "https://registry.yarnpkg.com/is-extglob/-/is-extglob-2.1.1.tgz#a88c02535791f02ed37c76a1b9ea9773c833f8c2"
  integrity sha1-qIwCU1eR8C7TfHahueqXc8gz+MI=

is-glob@^4.0.1, is-glob@~4.0.1:
  version "4.0.3"
  resolved "https://registry.yarnpkg.com/is-glob/-/is-glob-4.0.3.tgz#64f61e42cbbb2eec2071a9dac0b28ba1e65d5084"
  integrity sha512-xelSayHH36ZgE7ZWhli7pW34hNbNl8Ojv5KVmkJD4hBdD3th8Tfk9vYasLM+mXWOZhFkgZfxhLSnrwRr4elSSg==
  dependencies:
    is-extglob "^2.1.1"

is-number@^7.0.0:
  version "7.0.0"
  resolved "https://registry.yarnpkg.com/is-number/-/is-number-7.0.0.tgz#7535345b896734d5f80c4d06c50955527a14f12b"
  integrity sha512-41Cifkg6e8TylSpdtTpeLVMqvSBEVzTttHvERD741+pnZ8ANv0004MRL43QKPDlK9cGvNp6NZWZUBlbGXYxxng==

normalize-path@^3.0.0, normalize-path@~3.0.0:
  version "3.0.0"
  resolved "https://registry.yarnpkg.com/normalize-path/-/normalize-path-3.0.0.tgz#0dcd69ff23a1c9b11fd0978316644a0388216a65"
  integrity sha512-6eZs5Ls3WtCisHWp9S2GUy8dqkpGi4BVSz3GaqiE6ezub0512ESztXUwUB6C6IKbQkY2Pnb/mD4WYojCRwcwLA==

picomatch@^2.0.4, picomatch@^2.2.1:
  version "2.3.1"
  resolved "https://registry.yarnpkg.com/picomatch/-/picomatch-2.3.1.tgz#3ba3833733646d9d3e4995946c1365a67fb07a42"
  integrity sha512-JU3teHTNjmE2VCGFzuY8EXzCDVwEqB2a8fsIvwaStHhAWJEeVd1o1QD80CU6+ZdEXXSLbSsuLwJjkCBWqRQUVA==

readdirp@~3.6.0:
  version "3.6.0"
  resolved "https://registry.yarnpkg.com/readdirp/-/readdirp-3.6.0.tgz#74a370bd857116e245b29cc97340cd431a02a6c7"
  integrity sha512-hOS089on8RduqdbhvQ5Z37A0ESjsqz6qnRcffsMU3495FuTdqSm+7bhJ29JvIOsBDEEnan5DPu9t3To9VRlMzA==
  dependencies:
    picomatch "^2.2.1"

sass@^1.54.0:
  version "1.54.0"
  resolved "https://registry.yarnpkg.com/sass/-/sass-1.54.0.tgz#24873673265e2a4fe3d3a997f714971db2fba1f4"
  integrity sha512-C4zp79GCXZfK0yoHZg+GxF818/aclhp9F48XBu/+bm9vXEVAYov9iU3FBVRMq3Hx3OA4jfKL+p2K9180mEh0xQ==
  dependencies:
    chokidar ">=3.0.0 <4.0.0"
    immutable "^4.0.0"
    source-map-js ">=0.6.2 <2.0.0"

"source-map-js@>=0.6.2 <2.0.0":
  version "1.0.1"
  resolved "https://registry.yarnpkg.com/source-map-js/-/source-map-js-1.0.1.tgz#a1741c131e3c77d048252adfa24e23b908670caf"
  integrity sha512-4+TN2b3tqOCd/kaGRJ/sTYA0tR0mdXx26ipdolxcwtJVqEnqNYvlCAt1q3ypy4QMlYus+Zh34RNtYLoq2oQ4IA==

to-regex-range@^5.0.1:
  version "5.0.1"
  resolved "https://registry.yarnpkg.com/to-regex-range/-/to-regex-range-5.0.1.tgz#1648c44aae7c8d988a326018ed72f5b4dd0392e4"
  integrity sha512-65P7iz6X5yEr1cwcgvQxbbIw7Uk3gOy5dIdtZ4rDveLqhrdJP+Li/Hx6tyK0NEb+2GCyneCMJiGqrADCSNk8sQ==
  dependencies:
    is-number "^7.0.0"
